
Microsoft Visual Studio Solution File, Format Version 12.00
# Visual Studio 15
VisualStudioVersion = 15.0.28307.438
MinimumVisualStudioVersion = 10.0.40219.1
Project("{FAE04EC0-301F-11D3-BF4B-00C04F79EFBC}") = "Aldis_Lamp_BaseLogic", "Aldis_Lamp_BaseLogic\Aldis_Lamp_BaseLogic.csproj", "{91B29595-F970-431D-BCE3-8F546969D5CB}"
EndProject
Global
	GlobalSection(SolutionConfigurationPlatforms) = preSolution
		Debug|Any CPU = Debug|Any CPU
		Release|Any CPU = Release|Any CPU
	EndGlobalSection
	GlobalSection(ProjectConfigurationPlatforms) = postSolution
		{91B29595-F970-431D-BCE3-8F546969D5CB}.Debug|Any CPU.ActiveCfg = Debug|Any CPU
		{91B29595-F970-431D-BCE3-8F546969D5CB}.Debug|Any CPU.Build.0 = Debug|Any CPU
		{91B29595-F970-431D-BCE3-8F546969D5CB}.Release|Any CPU.ActiveCfg = Release|Any CPU
		{91B29595-F970-431D-BCE3-8F546969D5CB}.Release|Any CPU.Build.0 = Release|Any CPU
	EndGlobalSection
	GlobalSection(SolutionProperties) = preSolution
		HideSolutionNode = FALSE
	EndGlobalSection
	GlobalSection(ExtensibilityGlobals) = postSolution
		SolutionGuid = {E8F0120D-5A5E-4944-B2F8-2A1347703463}
	EndGlobalSection
EndGlobal
